
Microsoft Visual Studio Solution File, Format Version 12.00
# Visual Studio Version 17
VisualStudioVersion = 17.10.35027.167
MinimumVisualStudioVersion = 10.0.40219.1
Project("{FAE04EC0-301F-11D3-BF4B-00C04F79EFBC}") = "TaskManagementSolution", "TaskManagementSolution.csproj", "{789425F8-38B3-4E0B-B31C-5DB4A03648EE}"
EndProject
Global
	GlobalSection(SolutionConfigurationPlatforms) = preSolution
		Debug|Any CPU = Debug|Any CPU
		Release|Any CPU = Release|Any CPU
	EndGlobalSection
	GlobalSection(ProjectConfigurationPlatforms) = postSolution
		{789425F8-38B3-4E0B-B31C-5DB4A03648EE}.Debug|Any CPU.ActiveCfg = Debug|Any CPU
		{789425F8-38B3-4E0B-B31C-5DB4A03648EE}.Debug|Any CPU.Build.0 = Debug|Any CPU
		{789425F8-38B3-4E0B-B31C-5DB4A03648EE}.Release|Any CPU.ActiveCfg = Release|Any CPU
		{789425F8-38B3-4E0B-B31C-5DB4A03648EE}.Release|Any CPU.Build.0 = Release|Any CPU
	EndGlobalSection
	GlobalSection(SolutionProperties) = preSolution
		HideSolutionNode = FALSE
	EndGlobalSection
	GlobalSection(ExtensibilityGlobals) = postSolution
		SolutionGuid = {32B909A9-3622-49FA-B47F-582B1BA6AEBB}
	EndGlobalSection
EndGlobal
